// !$*UTF8*$!
{
	archiveVersion = 1;
	classes = {
	};
	objectVersion = 46;
	objects = {

/* Begin PBXBuildFile section */
		C87C31AB1CDAEFC300403758 /* AppDelegate.swift in Sources */ = {isa = PBXBuildFile; fileRef = C87C31AA1CDAEFC300403758 /* AppDelegate.swift */; };
		C87C31AD1CDAEFC300403758 /* ViewController.swift in Sources */ = {isa = PBXBuildFile; fileRef = C87C31AC1CDAEFC300403758 /* ViewController.swift */; };
		C87C31B01CDAEFC300403758 /* Main.storyboard in Resources */ = {isa = PBXBuildFile; fileRef = C87C31AE1CDAEFC300403758 /* Main.storyboard */; };
		C87C31B21CDAEFC300403758 /* Assets.xcassets in Resources */ = {isa = PBXBuildFile; fileRef = C87C31B11CDAEFC300403758 /* Assets.xcassets */; };
		C87C31B51CDAEFC300403758 /* LaunchScreen.storyboard in Resources */ = {isa = PBXBuildFile; fileRef = C87C31B31CDAEFC300403758 /* LaunchScreen.storyboard */; };
		C87C31C01CDAEFC300403758 /* jishiTests.swift in Sources */ = {isa = PBXBuildFile; fileRef = C87C31BF1CDAEFC300403758 /* jishiTests.swift */; };
		C87C31CB1CDAEFC300403758 /* jishiUITests.swift in Sources */ = {isa = PBXBuildFile; fileRef = C87C31CA1CDAEFC300403758 /* jishiUITests.swift */; };
/* End PBXBuildFile section */

/* Begin PBXContainerItemProxy section */
		C87C31BC1CDAEFC300403758 /* PBXContainerItemProxy */ = {
			isa = PBXContainerItemProxy;
			containerPortal = C87C319F1CDAEFC300403758 /* Project object */;
			proxyType = 1;
			remoteGlobalIDString = C87C31A61CDAEFC300403758;
			remoteInfo = jishi;
		};
		C87C31C71CDAEFC300403758 /* PBXContainerItemProxy */ = {
			isa = PBXContainerItemProxy;
			containerPortal = C87C319F1CDAEFC300403758 /* Project object */;
			proxyType = 1;
			remoteGlobalIDString = C87C31A61CDAEFC300403758;
			remoteInfo = jishi;
		};
/* End PBXContainerItemProxy section */

/* Begin PBXFileReference section */
		C87C31A71CDAEFC300403758 /* jishi.app */ = {isa = PBXFileReference; explicitFileType = wrapper.application; includeInIndex = 0; path = jishi.app; sourceTree = BUILT_PRODUCTS_DIR; };
		C87C31AA1CDAEFC300403758 /* AppDelegate.swift */ = {isa = PBXFileReference; lastKnownFileType = sourcecode.swift; path = AppDelegate.swift; sourceTree = "<group>"; };
		C87C31AC1CDAEFC300403758 /* ViewController.swift */ = {isa = PBXFileReference; lastKnownFileType = sourcecode.swift; path = ViewController.swift; sourceTree = "<group>"; };
		C87C31AF1CDAEFC300403758 /* Base */ = {isa = PBXFileReference; lastKnownFileType = file.storyboard; name = Base; path = Base.lproj/Main.storyboard; sourceTree = "<group>"; };
		C87C31B11CDAEFC300403758 /* Assets.xcassets */ = {isa = PBXFileReference; lastKnownFileType = folder.assetcatalog; path = Assets.xcassets; sourceTree = "<group>"; };
		C87C31B41CDAEFC300403758 /* Base */ = {isa = PBXFileReference; lastKnownFileType = file.storyboard; name = Base; path = Base.lproj/LaunchScreen.storyboard; sourceTree = "<group>"; };
		C87C31B61CDAEFC300403758 /* Info.plist */ = {isa = PBXFileReference; lastKnownFileType = text.plist.xml; path = Info.plist; sourceTree = "<group>"; };
		C87C31BB1CDAEFC300403758 /* jishiTests.xctest */ = {isa = PBXFileReference; explicitFileType = wrapper.cfbundle; includeInIndex = 0; path = jishiTests.xctest; sourceTree = BUILT_PRODUCTS_DIR; };
		C87C31BF1CDAEFC300403758 /* jishiTests.swift */ = {isa = PBXFileReference; lastKnownFileType = sourcecode.swift; path = jishiTests.swift; sourceTree = "<group>"; };
		C87C31C11CDAEFC300403758 /* Info.plist */ = {isa = PBXFileReference; lastKnownFileType = text.plist.xml; path = Info.plist; sourceTree = "<group>"; };
		C87C31C61CDAEFC300403758 /* jishiUITests.xctest */ = {isa = PBXFileReference; explicitFileType = wrapper.cfbundle; includeInIndex = 0; path = jishiUITests.xctest; sourceTree = BUILT_PRODUCTS_DIR; };
		C87C31CA1CDAEFC300403758 /* jishiUITests.swift */ = {isa = PBXFileReference; lastKnownFileType = sourcecode.swift; path = jishiUITests.swift; sourceTree = "<group>"; };
		C87C31CC1CDAEFC300403758 /* Info.plist */ = {isa = PBXFileReference; lastKnownFileType = text.plist.xml; path = Info.plist; sourceTree = "<group>"; };
/* End PBXFileReference section */

/* Begin PBXFrameworksBuildPhase section */
		C87C31A41CDAEFC300403758 /* Frameworks */ = {
			isa = PBXFrameworksBuildPhase;
			buildActionMask = 2147483647;
			files = (
			);
			runOnlyForDeploymentPostprocessing = 0;
		};
		C87C31B81CDAEFC300403758 /* Frameworks */ = {
			isa = PBXFrameworksBuildPhase;
			buildActionMask = 2147483647;
			files = (
			);
			runOnlyForDeploymentPostprocessing = 0;
		};
		C87C31C31CDAEFC300403758 /* Frameworks */ = {
			isa = PBXFrameworksBuildPhase;
			buildActionMask = 2147483647;
			files = (
			);
			runOnlyForDeploymentPostprocessing = 0;
		};
/* End PBXFrameworksBuildPhase section */

/* Begin PBXGroup section */
		C87C319E1CDAEFC300403758 = {
			isa = PBXGroup;
			children = (
				C87C31A91CDAEFC300403758 /* jishi */,
				C87C31BE1CDAEFC300403758 /* jishiTests */,
				C87C31C91CDAEFC300403758 /* jishiUITests */,
				C87C31A81CDAEFC300403758 /* Products */,
			);
			sourceTree = "<group>";
		};
		C87C31A81CDAEFC300403758 /* Products */ = {
			isa = PBXGroup;
			children = (
				C87C31A71CDAEFC300403758 /* jishi.app */,
				C87C31BB1CDAEFC300403758 /* jishiTests.xctest */,
				C87C31C61CDAEFC300403758 /* jishiUITests.xctest */,
			);
			name = Products;
			sourceTree = "<group>";
		};
		C87C31A91CDAEFC300403758 /* jishi */ = {
			isa = PBXGroup;
			children = (
				C87C31AA1CDAEFC300403758 /* AppDelegate.swift */,
				C87C31AC1CDAEFC300403758 /* ViewController.swift */,
				C87C31AE1CDAEFC300403758 /* Main.storyboard */,
				C87C31B11CDAEFC300403758 /* Assets.xcassets */,
				C87C31B31CDAEFC300403758 /* LaunchScreen.storyboard */,
				C87C31B61CDAEFC300403758 /* Info.plist */,
			);
			path = jishi;
			sourceTree = "<group>";
		};
		C87C31BE1CDAEFC300403758 /* jishiTests */ = {
			isa = PBXGroup;
			children = (
				C87C31BF1CDAEFC300403758 /* jishiTests.swift */,
				C87C31C11CDAEFC300403758 /* Info.plist */,
			);
			path = jishiTests;
			sourceTree = "<group>";
		};
		C87C31C91CDAEFC300403758 /* jishiUITests */ = {
			isa = PBXGroup;
			children = (
				C87C31CA1CDAEFC300403758 /* jishiUITests.swift */,
				C87C31CC1CDAEFC300403758 /* Info.plist */,
			);
			path = jishiUITests;
			sourceTree = "<group>";
		};
/* End PBXGroup section */

/* Begin PBXNativeTarget section */
		C87C31A61CDAEFC300403758 /* jishi */ = {
			isa = PBXNativeTarget;
			buildConfigurationList = C87C31CF1CDAEFC300403758 /* Build configuration list for PBXNativeTarget "jishi" */;
			buildPhases = (
				C87C31A31CDAEFC300403758 /* Sources */,
				C87C31A41CDAEFC300403758 /* Frameworks */,
				C87C31A51CDAEFC300403758 /* Resources */,
			);
			buildRules = (
			);
			dependencies = (
			);
			name = jishi;
			productName = jishi;
			productReference = C87C31A71CDAEFC300403758 /* jishi.app */;
			productType = "com.apple.product-type.application";
		};
		C87C31BA1CDAEFC300403758 /* jishiTests */ = {
			isa = PBXNativeTarget;
			buildConfigurationList = C87C31D21CDAEFC300403758 /* Build configuration list for PBXNativeTarget "jishiTests" */;
			buildPhases = (
				C87C31B71CDAEFC300403758 /* Sources */,
				C87C31B81CDAEFC300403758 /* Frameworks */,
				C87C31B91CDAEFC300403758 /* Resources */,
			);
			buildRules = (
			);
			dependencies = (
				C87C31BD1CDAEFC300403758 /* PBXTargetDependency */,
			);
			name = jishiTests;
			productName = jishiTests;
			productReference = C87C31BB1CDAEFC300403758 /* jishiTests.xctest */;
			productType = "com.apple.product-type.bundle.unit-test";
		};
		C87C31C51CDAEFC300403758 /* jishiUITests */ = {
			isa = PBXNativeTarget;
			buildConfigurationList = C87C31D51CDAEFC300403758 /* Build configuration list for PBXNativeTarget "jishiUITests" */;
			buildPhases = (
				C87C31C21CDAEFC300403758 /* Sources */,
				C87C31C31CDAEFC300403758 /* Frameworks */,
				C87C31C41CDAEFC300403758 /* Resources */,
			);
			buildRules = (
			);
			dependencies = (
				C87C31C81CDAEFC300403758 /* PBXTargetDependency */,
			);
			name = jishiUITests;
			productName = jishiUITests;
			productReference = C87C31C61CDAEFC300403758 /* jishiUITests.xctest */;
			productType = "com.apple.product-type.bundle.ui-testing";
		};
/* End PBXNativeTarget section */

/* Begin PBXProject section */
		C87C319F1CDAEFC300403758 /* Project object */ = {
			isa = PBXProject;
			attributes = {
				LastSwiftUpdateCheck = 0720;
				LastUpgradeCheck = 0720;
				ORGANIZATIONNAME = hqq1;
				TargetAttributes = {
					C87C31A61CDAEFC300403758 = {
						CreatedOnToolsVersion = 7.2;
					};
					C87C31BA1CDAEFC300403758 = {
						CreatedOnToolsVersion = 7.2;
						TestTargetID = C87C31A61CDAEFC300403758;
					};
					C87C31C51CDAEFC300403758 = {
						CreatedOnToolsVersion = 7.2;
						TestTargetID = C87C31A61CDAEFC300403758;
					};
				};
			};
			buildConfigurationList = C87C31A21CDAEFC300403758 /* Build configuration list for PBXProject "jishi" */;
			compatibilityVersion = "Xcode 3.2";
			developmentRegion = English;
			hasScannedForEncodings = 0;
			knownRegions = (
				en,
				Base,
			);
			mainGroup = C87C319E1CDAEFC300403758;
			productRefGroup = C87C31A81CDAEFC300403758 /* Products */;
			projectDirPath = "";
			projectRoot = "";
			targets = (
				C87C31A61CDAEFC300403758 /* jishi */,
				C87C31BA1CDAEFC300403758 /* jishiTests */,
				C87C31C51CDAEFC300403758 /* jishiUITests */,
			);
		};
/* End PBXProject section */

/* Begin PBXResourcesBuildPhase section */
		C87C31A51CDAEFC300403758 /* Resources */ = {
			isa = PBXResourcesBuildPhase;
			buildActionMask = 2147483647;
			files = (
				C87C31B51CDAEFC300403758 /* LaunchScreen.storyboard in Resources */,
				C87C31B21CDAEFC300403758 /* Assets.xcassets in Resources */,
				C87C31B01CDAEFC300403758 /* Main.storyboard in Resources */,
			);
			runOnlyForDeploymentPostprocessing = 0;
		};
		C87C31B91CDAEFC300403758 /* Resources */ = {
			isa = PBXResourcesBuildPhase;
			buildActionMask = 2147483647;
			files = (
			);
			runOnlyForDeploymentPostprocessing = 0;
		};
		C87C31C41CDAEFC300403758 /* Resources */ = {
			isa = PBXResourcesBuildPhase;
			buildActionMask = 2147483647;
			files = (
			);
			runOnlyForDeploymentPostprocessing = 0;
		};
/* End PBXResourcesBuildPhase section */

/* Begin PBXSourcesBuildPhase section */
		C87C31A31CDAEFC300403758 /* Sources */ = {
			isa = PBXSourcesBuildPhase;
			buildActionMask = 2147483647;
			files = (
				C87C31AD1CDAEFC300403758 /* ViewController.swift in Sources */,
				C87C31AB1CDAEFC300403758 /* AppDelegate.swift in Sources */,
			);
			runOnlyForDeploymentPostprocessing = 0;
		};
		C87C31B71CDAEFC300403758 /* Sources */ = {
			isa = PBXSourcesBuildPhase;
			buildActionMask = 2147483647;
			files = (
				C87C31C01CDAEFC300403758 /* jishiTests.swift in Sources */,
			);
			runOnlyForDeploymentPostprocessing = 0;
		};
		C87C31C21CDAEFC300403758 /* Sources */ = {
			isa = PBXSourcesBuildPhase;
			buildActionMask = 2147483647;
			files = (
				C87C31CB1CDAEFC300403758 /* jishiUITests.swift in Sources */,
			);
			runOnlyForDeploymentPostprocessing = 0;
		};
/* End PBXSourcesBuildPhase section */

/* Begin PBXTargetDependency section */
		C87C31BD1CDAEFC300403758 /* PBXTargetDependency */ = {
			isa = PBXTargetDependency;
			target = C87C31A61CDAEFC300403758 /* jishi */;
			targetProxy = C87C31BC1CDAEFC300403758 /* PBXContainerItemProxy */;
		};
		C87C31C81CDAEFC300403758 /* PBXTargetDependency */ = {
			isa = PBXTargetDependency;
			target = C87C31A61CDAEFC300403758 /* jishi */;
			targetProxy = C87C31C71CDAEFC300403758 /* PBXContainerItemProxy */;
		};
/* End PBXTargetDependency section */

/* Begin PBXVariantGroup section */
		C87C31AE1CDAEFC300403758 /* Main.storyboard */ = {
			isa = PBXVariantGroup;
			children = (
				C87C31AF1CDAEFC300403758 /* Base */,
			);
			name = Main.storyboard;
			sourceTree = "<group>";
		};
		C87C31B31CDAEFC300403758 /* LaunchScreen.storyboard */ = {
			isa = PBXVariantGroup;
			children = (
				C87C31B41CDAEFC300403758 /* Base */,
			);
			name = LaunchScreen.storyboard;
			sourceTree = "<group>";
		};
/* End PBXVariantGroup section */

/* Begin XCBuildConfiguration section */
		C87C31CD1CDAEFC300403758 /* Debug */ = {
			isa = XCBuildConfiguration;
			buildSettings = {
				ALWAYS_SEARCH_USER_PATHS = NO;
				CLANG_CXX_LANGUAGE_STANDARD = "gnu++0x";
				CLANG_CXX_LIBRARY = "libc++";
				CLANG_ENABLE_MODULES = YES;
				CLANG_ENABLE_OBJC_ARC = YES;
				CLANG_WARN_BOOL_CONVERSION = YES;
				CLANG_WARN_CONSTANT_CONVERSION = YES;
				CLANG_WARN_DIRECT_OBJC_ISA_USAGE = YES_ERROR;
				CLANG_WARN_EMPTY_BODY = YES;
				CLANG_WARN_ENUM_CONVERSION = YES;
				CLANG_WARN_INT_CONVERSION = YES;
				CLANG_WARN_OBJC_ROOT_CLASS = YES_ERROR;
				CLANG_WARN_UNREACHABLE_CODE = YES;
				CLANG_WARN__DUPLICATE_METHOD_MATCH = YES;
				"CODE_SIGN_IDENTITY[sdk=iphoneos*]" = "iPhone Developer";
				COPY_PHASE_STRIP = NO;
				DEBUG_INFORMATION_FORMAT = dwarf;
				ENABLE_STRICT_OBJC_MSGSEND = YES;
				ENABLE_TESTABILITY = YES;
				GCC_C_LANGUAGE_STANDARD = gnu99;
				GCC_DYNAMIC_NO_PIC = NO;
				GCC_NO_COMMON_BLOCKS = YES;
				GCC_OPTIMIZATION_LEVEL = 0;
				GCC_PREPROCESSOR_DEFINITIONS = (
					"DEBUG=1",
					"$(inherited)",
				);
				GCC_WARN_64_TO_32_BIT_CONVERSION = YES;
				GCC_WARN_ABOUT_RETURN_TYPE = YES_ERROR;
				GCC_WARN_UNDECLARED_SELECTOR = YES;
				GCC_WARN_UNINITIALIZED_AUTOS = YES_AGGRESSIVE;
				GCC_WARN_UNUSED_FUNCTION = YES;
				GCC_WARN_UNUSED_VARIABLE = YES;
				IPHONEOS_DEPLOYMENT_TARGET = 9.2;
				MTL_ENABLE_DEBUG_INFO = YES;
				ONLY_ACTIVE_ARCH = YES;
				SDKROOT = iphoneos;
				SWIFT_OPTIMIZATION_LEVEL = "-Onone";
				TARGETED_DEVICE_FAMILY = "1,2";
			};
			name = Debug;
		};
		C87C31CE1CDAEFC300403758 /* Release */ = {
			isa = XCBuildConfiguration;
			buildSettings = {
				ALWAYS_SEARCH_USER_PATHS = NO;
				CLANG_CXX_LANGUAGE_STANDARD = "gnu++0x";
				CLANG_CXX_LIBRARY = "libc++";
				CLANG_ENABLE_MODULES = YES;
				CLANG_ENABLE_OBJC_ARC = YES;
				CLANG_WARN_BOOL_CONVERSION = YES;
				CLANG_WARN_CONSTANT_CONVERSION = YES;
				CLANG_WARN_DIRECT_OBJC_ISA_USAGE = YES_ERROR;
				CLANG_WARN_EMPTY_BODY = YES;
				CLANG_WARN_ENUM_CONVERSION = YES;
				CLANG_WARN_INT_CONVERSION = YES;
				CLANG_WARN_OBJC_ROOT_CLASS = YES_ERROR;
				CLANG_WARN_UNREACHABLE_CODE = YES;
				CLANG_WARN__DUPLICATE_METHOD_MATCH = YES;
				"CODE_SIGN_IDENTITY[sdk=iphoneos*]" = "iPhone Developer";
				COPY_PHASE_STRIP = NO;
				DEBUG_INFORMATION_FORMAT = "dwarf-with-dsym";
				ENABLE_NS_ASSERTIONS = NO;
				ENABLE_STRICT_OBJC_MSGSEND = YES;
				GCC_C_LANGUAGE_STANDARD = gnu99;
				GCC_NO_COMMON_BLOCKS = YES;
				GCC_WARN_64_TO_32_BIT_CONVERSION = YES;
				GCC_WARN_ABOUT_RETURN_TYPE = YES_ERROR;
				GCC_WARN_UNDECLARED_SELECTOR = YES;
				GCC_WARN_UNINITIALIZED_AUTOS = YES_AGGRESSIVE;
				GCC_WARN_UNUSED_FUNCTION = YES;
				GCC_WARN_UNUSED_VARIABLE = YES;
				IPHONEOS_DEPLOYMENT_TARGET = 9.2;
				MTL_ENABLE_DEBUG_INFO = NO;
				SDKROOT = iphoneos;
				TARGETED_DEVICE_FAMILY = "1,2";
				VALIDATE_PRODUCT = YES;
			};
			name = Release;
		};
		C87C31D01CDAEFC300403758 /* Debug */ = {
			isa = XCBuildConfiguration;
			buildSettings = {
				ASSETCATALOG_COMPILER_APPICON_NAME = AppIcon;
				INFOPLIST_FILE = jishi/Info.plist;
				LD_RUNPATH_SEARCH_PATHS = "$(inherited) @executable_path/Frameworks";
				PRODUCT_BUNDLE_IDENTIFIER = hqq.jishi;
				PRODUCT_NAME = "$(TARGET_NAME)";
			};
			name = Debug;
		};
		C87C31D11CDAEFC300403758 /* Release */ = {
			isa = XCBuildConfiguration;
			buildSettings = {
				ASSETCATALOG_COMPILER_APPICON_NAME = AppIcon;
				INFOPLIST_FILE = jishi/Info.plist;
				LD_RUNPATH_SEARCH_PATHS = "$(inherited) @executable_path/Frameworks";
				PRODUCT_BUNDLE_IDENTIFIER = hqq.jishi;
				PRODUCT_NAME = "$(TARGET_NAME)";
			};
			name = Release;
		};
		C87C31D31CDAEFC300403758 /* Debug */ = {
			isa = XCBuildConfiguration;
			buildSettings = {
				BUNDLE_LOADER = "$(TEST_HOST)";
				INFOPLIST_FILE = jishiTests/Info.plist;
				LD_RUNPATH_SEARCH_PATHS = "$(inherited) @executable_path/Frameworks @loader_path/Frameworks";
				PRODUCT_BUNDLE_IDENTIFIER = hqq.jishiTests;
				PRODUCT_NAME = "$(TARGET_NAME)";
				TEST_HOST = "$(BUILT_PRODUCTS_DIR)/jishi.app/jishi";
			};
			name = Debug;
		};
		C87C31D41CDAEFC300403758 /* Release */ = {
			isa = XCBuildConfiguration;
			buildSettings = {
				BUNDLE_LOADER = "$(TEST_HOST)";
				INFOPLIST_FILE = jishiTests/Info.plist;
				LD_RUNPATH_SEARCH_PATHS = "$(inherited) @executable_path/Frameworks @loader_path/Frameworks";
				PRODUCT_BUNDLE_IDENTIFIER = hqq.jishiTests;
				PRODUCT_NAME = "$(TARGET_NAME)";
				TEST_HOST = "$(BUILT_PRODUCTS_DIR)/jishi.app/jishi";
			};
			name = Release;
		};
		C87C31D61CDAEFC300403758 /* Debug */ = {
			isa = XCBuildConfiguration;
			buildSettings = {
				INFOPLIST_FILE = jishiUITests/Info.plist;
				LD_RUNPATH_SEARCH_PATHS = "$(inherited) @executable_path/Frameworks @loader_path/Frameworks";
				PRODUCT_BUNDLE_IDENTIFIER = hqq.jishiUITests;
				PRODUCT_NAME = "$(TARGET_NAME)";
				TEST_TARGET_NAME = jishi;
				USES_XCTRUNNER = YES;
			};
			name = Debug;
		};
		C87C31D71CDAEFC300403758 /* Release */ = {
			isa = XCBuildConfiguration;
			buildSettings = {
				INFOPLIST_FILE = jishiUITests/Info.plist;
				LD_RUNPATH_SEARCH_PATHS = "$(inherited) @executable_path/Frameworks @loader_path/Frameworks";
				PRODUCT_BUNDLE_IDENTIFIER = hqq.jishiUITests;
				PRODUCT_NAME = "$(TARGET_NAME)";
				TEST_TARGET_NAME = jishi;
				USES_XCTRUNNER = YES;
			};
			name = Release;
		};
/* End XCBuildConfiguration section */

/* Begin XCConfigurationList section */
		C87C31A21CDAEFC300403758 /* Build configuration list for PBXProject "jishi" */ = {
			isa = XCConfigurationList;
			buildConfigurations = (
				C87C31CD1CDAEFC300403758 /* Debug */,
				C87C31CE1CDAEFC300403758 /* Release */,
			);
			defaultConfigurationIsVisible = 0;
			defaultConfigurationName = Release;
		};
		C87C31CF1CDAEFC300403758 /* Build configuration list for PBXNativeTarget "jishi" */ = {
			isa = XCConfigurationList;
			buildConfigurations = (
				C87C31D01CDAEFC300403758 /* Debug */,
				C87C31D11CDAEFC300403758 /* Release */,
			);
			defaultConfigurationIsVisible = 0;
		};
		C87C31D21CDAEFC300403758 /* Build configuration list for PBXNativeTarget "jishiTests" */ = {
			isa = XCConfigurationList;
			buildConfigurations = (
				C87C31D31CDAEFC300403758 /* Debug */,
				C87C31D41CDAEFC300403758 /* Release */,
			);
			defaultConfigurationIsVisible = 0;
		};
		C87C31D51CDAEFC300403758 /* Build configuration list for PBXNativeTarget "jishiUITests" */ = {
			isa = XCConfigurationList;
			buildConfigurations = (
				C87C31D61CDAEFC300403758 /* Debug */,
				C87C31D71CDAEFC300403758 /* Release */,
			);
			defaultConfigurationIsVisible = 0;
		};
/* End XCConfigurationList section */
	};
	rootObject = C87C319F1CDAEFC300403758 /* Project object */;
}
